
Microsoft Visual Studio Solution File, Format Version 12.00
Project("{FAE04EC0-301F-11D3-BF4B-00C04F79EFBC}") = "UseTheRightLinqMethod", "UseTheRightLinqMethod\UseTheRightLinqMethod.csproj", "{97A076A8-A8F7-40D1-8EEA-C870E3FA5D26}"
EndProject
Global
	GlobalSection(SolutionConfigurationPlatforms) = preSolution
		Debug|Any CPU = Debug|Any CPU
		Release|Any CPU = Release|Any CPU
	EndGlobalSection
	GlobalSection(ProjectConfigurationPlatforms) = postSolution
		{97A076A8-A8F7-40D1-8EEA-C870E3FA5D26}.Debug|Any CPU.ActiveCfg = Debug|Any CPU
		{97A076A8-A8F7-40D1-8EEA-C870E3FA5D26}.Debug|Any CPU.Build.0 = Debug|Any CPU
		{97A076A8-A8F7-40D1-8EEA-C870E3FA5D26}.Release|Any CPU.ActiveCfg = Release|Any CPU
		{97A076A8-A8F7-40D1-8EEA-C870E3FA5D26}.Release|Any CPU.Build.0 = Release|Any CPU
	EndGlobalSection
EndGlobal
